<?xml version="1.0" encoding="utf-8"?>
<Project ToolsVersion="4.0" xmlns="http://schemas.microsoft.com/developer/msbuild/2003">
  <ItemGroup>
    <None Include="Shaders\Basic.fs">
      <Filter>Shaders</Filter>
    </None>
    <None Include="Shaders\Basic.vs">
      <Filter>Shaders</Filter>
    </None>
    <None Include="Shaders\MeshBasic.vs">
      <Filter>Shaders</Filter>
    </None>
    <None Include="Shaders\MeshBasic.fs">
      <Filter>Shaders</Filter>
    </None>
    <None Include="Shaders\Light.vs">
      <Filter>Shaders</Filter>
    </None>
    <None Include="Shaders\Light.fs">
      <Filter>Shaders</Filter>
    </None>
    <None Include="Shaders\FBO.vs">
      <Filter>Shaders</Filter>
    </None>
    <None Include="Shaders\FBO.fs">
      <Filter>Shaders</Filter>
    </None>
    <None Include="Shaders\PBR.fs">
      <Filter>Shaders</Filter>
    </None>
    <None Include="Shaders\PBR.vs">
      <Filter>Shaders</Filter>
    </None>
    <None Include="Shaders\brdfLUT.fs">
      <Filter>Shaders</Filter>
    </None>
    <None Include="Shaders\brdfLUT.vs">
      <Filter>Shaders</Filter>
    </None>
    <None Include="Shaders\ConvolutationCubeMap.fs">
      <Filter>Shaders</Filter>
    </None>
    <None Include="Shaders\ConvolutationCubeMap.vs">
      <Filter>Shaders</Filter>
    </None>
    <None Include="Shaders\CubeMap.frag">
      <Filter>Shaders</Filter>
    </None>
    <None Include="Shaders\CubeMap.vert">
      <Filter>Shaders</Filter>
    </None>
    <None Include="Shaders\PreFilterCubeMap.fs">
      <Filter>Shaders</Filter>
    </None>
    <None Include="Shaders\PreFilterCubeMap.vs">
      <Filter>Shaders</Filter>
    </None>
    <None Include="Shaders\OmniShadowMap.vs">
      <Filter>Shaders</Filter>
    </None>
    <None Include="Shaders\OmniShadowMap.fs">
      <Filter>Shaders</Filter>
    </None>
    <None Include="Shaders\OmniShadowMap.gs">
      <Filter>Shaders</Filter>
    </None>
    <None Include="Shaders\Gbuffer.vs">
      <Filter>Shaders</Filter>
    </None>
    <None Include="Shaders\Gbuffer.fs">
      <Filter>Shaders</Filter>
    </None>
    <None Include="Shaders\DeferredPBR.vs">
      <Filter>Shaders</Filter>
    </None>
    <None Include="Shaders\DeferredPBR.fs">
      <Filter>Shaders</Filter>
    </None>
    <None Include="Shaders\PBRinstanced.vs">
      <Filter>Shaders</Filter>
    </None>
    <None Include="Shaders\CascadedDirectionalShadowShader.vs">
      <Filter>Shaders</Filter>
    </None>
    <None Include="Shaders\CascadedDirectionalShadowShader.gs">
      <Filter>Shaders</Filter>
    </None>
    <None Include="Shaders\CascadedDirectionalShadowShader.fs">
      <Filter>Shaders</Filter>
    </None>
    <None Include="Shaders\ParticlesSpawn.comp.glsl">
      <Filter>Shaders</Filter>
    </None>
    <None Include="Shaders\ParticlesUpdate.comp.glsl">
      <Filter>Shaders</Filter>
    </None>
    <None Include="Shaders\ParticleRenderShader.vs">
      <Filter>Shaders</Filter>
    </None>
    <None Include="Shaders\ParticleRenderShader.fs">
      <Filter>Shaders</Filter>
    </None>
    <None Include="Shaders\ParticlesInitialize.comp.glsl">
      <Filter>Shaders</Filter>
    </None>
    <None Include="Shaders\Particle.glsl">
      <Filter>Shaders</Filter>
    </None>
  </ItemGroup>
  <ItemGroup>
    <Filter Include="Headers">
      <UniqueIdentifier>{d33a763f-1e46-49eb-a31d-4b569d474bb7}</UniqueIdentifier>
    </Filter>
    <Filter Include="Sources">
      <UniqueIdentifier>{90393682-3e63-4e32-b9a7-e93db86cd11c}</UniqueIdentifier>
    </Filter>
    <Filter Include="Shaders">
      <UniqueIdentifier>{ea4a4362-7a4e-40a0-b30e-c2d9353efb92}</UniqueIdentifier>
    </Filter>
    <Filter Include="Headers\FusionUtility">
      <UniqueIdentifier>{acc17416-e6b4-472c-a311-090911311f23}</UniqueIdentifier>
    </Filter>
    <Filter Include="Sources\FusionUtility">
      <UniqueIdentifier>{0fc7cf68-6598-417f-a608-9fa4fc437b5b}</UniqueIdentifier>
    </Filter>
    <Filter Include="Headers\FusionPhysics">
      <UniqueIdentifier>{768e8392-a317-4251-bdcc-92fa0b54f91b}</UniqueIdentifier>
    </Filter>
    <Filter Include="Sources\FusionPhysics">
      <UniqueIdentifier>{8177bce8-39ce-402e-936d-734a1691cbb1}</UniqueIdentifier>
    </Filter>
    <Filter Include="Headers\FusionCore">
      <UniqueIdentifier>{5889594c-e2b8-457c-972c-d59eefb7079e}</UniqueIdentifier>
    </Filter>
    <Filter Include="Sources\FusionCore">
      <UniqueIdentifier>{cd0dfc98-7c9e-4ac4-9751-08ecf411aca4}</UniqueIdentifier>
    </Filter>
  </ItemGroup>
  <ItemGroup>
    <ClCompile Include="FusionUtility\Initialize.cpp">
      <Filter>Sources\FusionUtility</Filter>
    </ClCompile>
    <ClCompile Include="FusionUtility\Log.cpp">
      <Filter>Sources\FusionUtility</Filter>
    </ClCompile>
    <ClCompile Include="FusionUtility\StopWatch.cpp">
      <Filter>Sources\FusionUtility</Filter>
    </ClCompile>
    <ClCompile Include="FusionUtility\VectorMath.cpp">
      <Filter>Sources\FusionUtility</Filter>
    </ClCompile>
    <ClCompile Include="FusionPhysics\Octtree.cpp">
      <Filter>Sources\FusionPhysics</Filter>
    </ClCompile>
    <ClCompile Include="FusionPhysics\Physics.cpp">
      <Filter>Sources\FusionPhysics</Filter>
    </ClCompile>
    <ClCompile Include="Main.cpp">
      <Filter>Sources</Filter>
    </ClCompile>
    <ClCompile Include="Application.cpp">
      <Filter>Sources</Filter>
    </ClCompile>
    <ClCompile Include="FusionFrame.cpp">
      <Filter>Sources\FusionUtility</Filter>
    </ClCompile>
    <ClCompile Include="FusionCore\Animation.cpp">
      <Filter>Sources\FusionCore</Filter>
    </ClCompile>
    <ClCompile Include="FusionCore\Animator.cpp">
      <Filter>Sources\FusionCore</Filter>
    </ClCompile>
    <ClCompile Include="FusionCore\Bone.cpp">
      <Filter>Sources\FusionCore</Filter>
    </ClCompile>
    <ClCompile Include="FusionCore\Buffer.cpp">
      <Filter>Sources\FusionCore</Filter>
    </ClCompile>
    <ClCompile Include="FusionCore\Camera.cpp">
      <Filter>Sources\FusionCore</Filter>
    </ClCompile>
    <ClCompile Include="FusionCore\Color.cpp">
      <Filter>Sources\FusionCore</Filter>
    </ClCompile>
    <ClCompile Include="FusionCore\Cubemap.cpp">
      <Filter>Sources\FusionCore</Filter>
    </ClCompile>
    <ClCompile Include="FusionCore\HalfEdge.cpp">
      <Filter>Sources\FusionCore</Filter>
    </ClCompile>
    <ClCompile Include="FusionCore\Light.cpp">
      <Filter>Sources\FusionCore</Filter>
    </ClCompile>
    <ClCompile Include="FusionCore\Material.cpp">
      <Filter>Sources\FusionCore</Filter>
    </ClCompile>
    <ClCompile Include="FusionCore\Mesh.cpp">
      <Filter>Sources\FusionCore</Filter>
    </ClCompile>
    <ClCompile Include="FusionCore\Model.cpp">
      <Filter>Sources\FusionCore</Filter>
    </ClCompile>
    <ClCompile Include="FusionCore\Object.cpp">
      <Filter>Sources\FusionCore</Filter>
    </ClCompile>
    <ClCompile Include="FusionCore\Shader.cpp">
      <Filter>Sources\FusionCore</Filter>
    </ClCompile>
    <ClCompile Include="FusionCore\ShadowMaps.cpp">
      <Filter>Sources\FusionCore</Filter>
    </ClCompile>
    <ClCompile Include="FusionCore\Texture.cpp">
      <Filter>Sources\FusionCore</Filter>
    </ClCompile>
    <ClCompile Include="FusionCore\Transformation.cpp">
      <Filter>Sources\FusionCore</Filter>
    </ClCompile>
    <ClCompile Include="FusionCore\MeshOperations.cpp">
      <Filter>Sources\FusionCore</Filter>
    </ClCompile>
    <ClCompile Include="FusionPhysics\ParticleSystem.cpp">
      <Filter>Sources\FusionPhysics</Filter>
    </ClCompile>
  </ItemGroup>
  <ItemGroup>
    <ClInclude Include="FusionUtility\Initialize.h">
      <Filter>Headers\FusionUtility</Filter>
    </ClInclude>
    <ClInclude Include="FusionUtility\Log.h">
      <Filter>Headers\FusionUtility</Filter>
    </ClInclude>
    <ClInclude Include="FusionUtility\StopWatch.h">
      <Filter>Headers\FusionUtility</Filter>
    </ClInclude>
    <ClInclude Include="FusionUtility\Thread.h">
      <Filter>Headers\FusionUtility</Filter>
    </ClInclude>
    <ClInclude Include="FusionUtility\VectorMath.h">
      <Filter>Headers\FusionUtility</Filter>
    </ClInclude>
    <ClInclude Include="FusionPhysics\Octtree.hpp">
      <Filter>Headers\FusionPhysics</Filter>
    </ClInclude>
    <ClInclude Include="FusionPhysics\Physics.hpp">
      <Filter>Headers\FusionPhysics</Filter>
    </ClInclude>
    <ClInclude Include="Application.hpp">
      <Filter>Headers</Filter>
    </ClInclude>
    <ClInclude Include="FusionFrame.h">
      <Filter>Headers\FusionUtility</Filter>
    </ClInclude>
    <ClInclude Include="FusionPhysics\QuickHull.hpp">
      <Filter>Headers\FusionPhysics</Filter>
    </ClInclude>
    <ClInclude Include="FusionCore\Animation.hpp">
      <Filter>Headers\FusionCore</Filter>
    </ClInclude>
    <ClInclude Include="FusionCore\Animator.hpp">
      <Filter>Headers\FusionCore</Filter>
    </ClInclude>
    <ClInclude Include="FusionCore\Bone.hpp">
      <Filter>Headers\FusionCore</Filter>
    </ClInclude>
    <ClInclude Include="FusionCore\Buffer.h">
      <Filter>Headers\FusionCore</Filter>
    </ClInclude>
    <ClInclude Include="FusionCore\Camera.h">
      <Filter>Headers\FusionCore</Filter>
    </ClInclude>
    <ClInclude Include="FusionCore\Color.hpp">
      <Filter>Headers\FusionCore</Filter>
    </ClInclude>
    <ClInclude Include="FusionCore\Cubemap.h">
      <Filter>Headers\FusionCore</Filter>
    </ClInclude>
    <ClInclude Include="FusionCore\Framebuffer.hpp">
      <Filter>Headers\FusionCore</Filter>
    </ClInclude>
    <ClInclude Include="FusionCore\HalfEdge.hpp">
      <Filter>Headers\FusionCore</Filter>
    </ClInclude>
    <ClInclude Include="FusionCore\Light.hpp">
      <Filter>Headers\FusionCore</Filter>
    </ClInclude>
    <ClInclude Include="FusionCore\Material.hpp">
      <Filter>Headers\FusionCore</Filter>
    </ClInclude>
    <ClInclude Include="FusionCore\Mesh.h">
      <Filter>Headers\FusionCore</Filter>
    </ClInclude>
    <ClInclude Include="FusionCore\Model.hpp">
      <Filter>Headers\FusionCore</Filter>
    </ClInclude>
    <ClInclude Include="FusionCore\Object.hpp">
      <Filter>Headers\FusionCore</Filter>
    </ClInclude>
    <ClInclude Include="FusionCore\Shader.h">
      <Filter>Headers\FusionCore</Filter>
    </ClInclude>
    <ClInclude Include="FusionCore\ShadowMaps.hpp">
      <Filter>Headers\FusionCore</Filter>
    </ClInclude>
    <ClInclude Include="FusionCore\SSLS.hpp">
      <Filter>Headers\FusionCore</Filter>
    </ClInclude>
    <ClInclude Include="FusionCore\stb_image.h">
      <Filter>Headers\FusionCore</Filter>
    </ClInclude>
    <ClInclude Include="FusionCore\Texture.h">
      <Filter>Headers\FusionCore</Filter>
    </ClInclude>
    <ClInclude Include="FusionCore\Transformation.hpp">
      <Filter>Headers\FusionCore</Filter>
    </ClInclude>
    <ClInclude Include="FusionCore\MeshOperations.h">
      <Filter>Headers\FusionCore</Filter>
    </ClInclude>
    <ClInclude Include="FusionUtility\Hashing.hpp">
      <Filter>Headers\FusionUtility</Filter>
    </ClInclude>
    <ClInclude Include="FusionPhysics\ParticleSystem.hpp">
      <Filter>Headers\FusionPhysics</Filter>
    </ClInclude>
    <ClInclude Include="Scene.hpp">
      <Filter>Headers\FusionCore</Filter>
    </ClInclude>
  </ItemGroup>
</Project>