<?xml version="1.0" encoding="utf-8"?>
<Project ToolsVersion="4.0" xmlns="http://schemas.microsoft.com/developer/msbuild/2003">
  <ItemGroup>
    <ClCompile Include="Buffer.cpp">
      <Filter>Sources</Filter>
    </ClCompile>
    <ClCompile Include="Camera.cpp">
      <Filter>Sources</Filter>
    </ClCompile>
    <ClCompile Include="Initialize.cpp">
      <Filter>Sources</Filter>
    </ClCompile>
    <ClCompile Include="Log.cpp">
      <Filter>Sources</Filter>
    </ClCompile>
    <ClCompile Include="Main.cpp">
      <Filter>Sources</Filter>
    </ClCompile>
    <ClCompile Include="Mesh.cpp">
      <Filter>Sources</Filter>
    </ClCompile>
    <ClCompile Include="SDL_CUSTOM.cpp">
      <Filter>Sources</Filter>
    </ClCompile>
    <ClCompile Include="Shader.cpp">
      <Filter>Sources</Filter>
    </ClCompile>
    <ClCompile Include="Texture.cpp">
      <Filter>Sources</Filter>
    </ClCompile>
    <ClCompile Include="VectorMath.cpp">
      <Filter>Sources</Filter>
    </ClCompile>
    <ClCompile Include="DrawingFunctions.cpp">
      <Filter>Sources</Filter>
    </ClCompile>
    <ClCompile Include="Light.cpp">
      <Filter>Sources</Filter>
    </ClCompile>
    <ClCompile Include="Model.cpp">
      <Filter>Sources</Filter>
    </ClCompile>
    <ClCompile Include="Bone.cpp">
      <Filter>Sources</Filter>
    </ClCompile>
    <ClCompile Include="Object.cpp">
      <Filter>Sources</Filter>
    </ClCompile>
    <ClCompile Include="Physics.cpp">
      <Filter>Sources</Filter>
    </ClCompile>
  </ItemGroup>
  <ItemGroup>
    <ClInclude Include="Buffer.h">
      <Filter>Headers</Filter>
    </ClInclude>
    <ClInclude Include="Camera.h">
      <Filter>Headers</Filter>
    </ClInclude>
    <ClInclude Include="Initialize.h">
      <Filter>Headers</Filter>
    </ClInclude>
    <ClInclude Include="Log.h">
      <Filter>Headers</Filter>
    </ClInclude>
    <ClInclude Include="Mesh.h">
      <Filter>Headers</Filter>
    </ClInclude>
    <ClInclude Include="SDL_camera2d.hpp">
      <Filter>Headers</Filter>
    </ClInclude>
    <ClInclude Include="Shader.h">
      <Filter>Headers</Filter>
    </ClInclude>
    <ClInclude Include="stb_image.h">
      <Filter>Headers</Filter>
    </ClInclude>
    <ClInclude Include="Thread.h">
      <Filter>Headers</Filter>
    </ClInclude>
    <ClInclude Include="Texture.h">
      <Filter>Headers</Filter>
    </ClInclude>
    <ClInclude Include="VectorMath.h">
      <Filter>Headers</Filter>
    </ClInclude>
    <ClInclude Include="SDL_CUSTOM.hpp">
      <Filter>Headers</Filter>
    </ClInclude>
    <ClInclude Include="DrawingFunctions.hpp">
      <Filter>Headers</Filter>
    </ClInclude>
    <ClInclude Include="Model.hpp">
      <Filter>Headers</Filter>
    </ClInclude>
    <ClInclude Include="Light.hpp">
      <Filter>Headers</Filter>
    </ClInclude>
    <ClInclude Include="Bone.hpp">
      <Filter>Headers</Filter>
    </ClInclude>
    <ClInclude Include="Material.hpp">
      <Filter>Headers</Filter>
    </ClInclude>
    <ClInclude Include="Object.hpp">
      <Filter>Headers</Filter>
    </ClInclude>
    <ClInclude Include="Framebuffer.hpp">
      <Filter>Headers</Filter>
    </ClInclude>
    <ClInclude Include="Engine.hpp">
      <Filter>Headers</Filter>
    </ClInclude>
    <ClInclude Include="Physics.hpp">
      <Filter>Headers</Filter>
    </ClInclude>
    <ClInclude Include="ShadowMaps.hpp">
      <Filter>Headers</Filter>
    </ClInclude>
  </ItemGroup>
  <ItemGroup>
    <None Include="Shaders\Basic.fs">
      <Filter>Shaders</Filter>
    </None>
    <None Include="Shaders\Basic.vs">
      <Filter>Shaders</Filter>
    </None>
    <None Include="Shaders\PixelShader.vs">
      <Filter>Shaders</Filter>
    </None>
    <None Include="Shaders\PixelShader.fs">
      <Filter>Shaders</Filter>
    </None>
    <None Include="Shaders\MeshBasic.vs">
      <Filter>Shaders</Filter>
    </None>
    <None Include="Shaders\MeshBasic.fs">
      <Filter>Shaders</Filter>
    </None>
    <None Include="Shaders\Light.vs">
      <Filter>Shaders</Filter>
    </None>
    <None Include="Shaders\Light.fs">
      <Filter>Shaders</Filter>
    </None>
    <None Include="Shaders\FBO.vs">
      <Filter>Shaders</Filter>
    </None>
    <None Include="Shaders\FBO.fs">
      <Filter>Shaders</Filter>
    </None>
  </ItemGroup>
  <ItemGroup>
    <Filter Include="Headers">
      <UniqueIdentifier>{d33a763f-1e46-49eb-a31d-4b569d474bb7}</UniqueIdentifier>
    </Filter>
    <Filter Include="Sources">
      <UniqueIdentifier>{90393682-3e63-4e32-b9a7-e93db86cd11c}</UniqueIdentifier>
    </Filter>
    <Filter Include="Shaders">
      <UniqueIdentifier>{ea4a4362-7a4e-40a0-b30e-c2d9353efb92}</UniqueIdentifier>
    </Filter>
  </ItemGroup>
</Project>