<?xml version="1.0" encoding="utf-8"?>
<Project ToolsVersion="4.0" xmlns="http://schemas.microsoft.com/developer/msbuild/2003">
  <ItemGroup>
    <None Include="Shaders\Basic.fs">
      <Filter>Shaders</Filter>
    </None>
    <None Include="Shaders\Basic.vs">
      <Filter>Shaders</Filter>
    </None>
    <None Include="Shaders\MeshBasic.vs">
      <Filter>Shaders</Filter>
    </None>
    <None Include="Shaders\MeshBasic.fs">
      <Filter>Shaders</Filter>
    </None>
    <None Include="Shaders\Light.vs">
      <Filter>Shaders</Filter>
    </None>
    <None Include="Shaders\Light.fs">
      <Filter>Shaders</Filter>
    </None>
    <None Include="Shaders\FBO.vs">
      <Filter>Shaders</Filter>
    </None>
    <None Include="Shaders\FBO.fs">
      <Filter>Shaders</Filter>
    </None>
    <None Include="Shaders\PBR.fs">
      <Filter>Shaders</Filter>
    </None>
    <None Include="Shaders\PBR.vs">
      <Filter>Shaders</Filter>
    </None>
    <None Include="Shaders\brdfLUT.fs">
      <Filter>Shaders</Filter>
    </None>
    <None Include="Shaders\brdfLUT.vs">
      <Filter>Shaders</Filter>
    </None>
    <None Include="Shaders\ConvolutationCubeMap.fs">
      <Filter>Shaders</Filter>
    </None>
    <None Include="Shaders\ConvolutationCubeMap.vs">
      <Filter>Shaders</Filter>
    </None>
    <None Include="Shaders\CubeMap.frag">
      <Filter>Shaders</Filter>
    </None>
    <None Include="Shaders\CubeMap.vert">
      <Filter>Shaders</Filter>
    </None>
    <None Include="Shaders\PreFilterCubeMap.fs">
      <Filter>Shaders</Filter>
    </None>
    <None Include="Shaders\PreFilterCubeMap.vs">
      <Filter>Shaders</Filter>
    </None>
  </ItemGroup>
  <ItemGroup>
    <Filter Include="Headers">
      <UniqueIdentifier>{d33a763f-1e46-49eb-a31d-4b569d474bb7}</UniqueIdentifier>
    </Filter>
    <Filter Include="Sources">
      <UniqueIdentifier>{90393682-3e63-4e32-b9a7-e93db86cd11c}</UniqueIdentifier>
    </Filter>
    <Filter Include="Shaders">
      <UniqueIdentifier>{ea4a4362-7a4e-40a0-b30e-c2d9353efb92}</UniqueIdentifier>
    </Filter>
    <Filter Include="Headers\FusionOpengl">
      <UniqueIdentifier>{5889594c-e2b8-457c-972c-d59eefb7079e}</UniqueIdentifier>
    </Filter>
    <Filter Include="Sources\FusionOpengl">
      <UniqueIdentifier>{cd0dfc98-7c9e-4ac4-9751-08ecf411aca4}</UniqueIdentifier>
    </Filter>
    <Filter Include="Headers\FusionUtility">
      <UniqueIdentifier>{acc17416-e6b4-472c-a311-090911311f23}</UniqueIdentifier>
    </Filter>
    <Filter Include="Sources\FusionUtility">
      <UniqueIdentifier>{0fc7cf68-6598-417f-a608-9fa4fc437b5b}</UniqueIdentifier>
    </Filter>
    <Filter Include="Headers\FusionPhysics">
      <UniqueIdentifier>{768e8392-a317-4251-bdcc-92fa0b54f91b}</UniqueIdentifier>
    </Filter>
    <Filter Include="Sources\FusionPhysics">
      <UniqueIdentifier>{8177bce8-39ce-402e-936d-734a1691cbb1}</UniqueIdentifier>
    </Filter>
  </ItemGroup>
  <ItemGroup>
    <ClCompile Include="FusionOpengl\Bone.cpp">
      <Filter>Sources\FusionOpengl</Filter>
    </ClCompile>
    <ClCompile Include="FusionOpengl\Buffer.cpp">
      <Filter>Sources\FusionOpengl</Filter>
    </ClCompile>
    <ClCompile Include="FusionOpengl\Camera.cpp">
      <Filter>Sources\FusionOpengl</Filter>
    </ClCompile>
    <ClCompile Include="FusionOpengl\Color.cpp">
      <Filter>Sources\FusionOpengl</Filter>
    </ClCompile>
    <ClCompile Include="FusionOpengl\Light.cpp">
      <Filter>Sources\FusionOpengl</Filter>
    </ClCompile>
    <ClCompile Include="FusionOpengl\Material.cpp">
      <Filter>Sources\FusionOpengl</Filter>
    </ClCompile>
    <ClCompile Include="FusionOpengl\Mesh.cpp">
      <Filter>Sources\FusionOpengl</Filter>
    </ClCompile>
    <ClCompile Include="FusionOpengl\Model.cpp">
      <Filter>Sources\FusionOpengl</Filter>
    </ClCompile>
    <ClCompile Include="FusionOpengl\Object.cpp">
      <Filter>Sources\FusionOpengl</Filter>
    </ClCompile>
    <ClCompile Include="FusionOpengl\Shader.cpp">
      <Filter>Sources\FusionOpengl</Filter>
    </ClCompile>
    <ClCompile Include="FusionOpengl\ShadowMaps.cpp">
      <Filter>Sources\FusionOpengl</Filter>
    </ClCompile>
    <ClCompile Include="FusionOpengl\Texture.cpp">
      <Filter>Sources\FusionOpengl</Filter>
    </ClCompile>
    <ClCompile Include="FusionUtility\Initialize.cpp">
      <Filter>Sources\FusionUtility</Filter>
    </ClCompile>
    <ClCompile Include="FusionUtility\Log.cpp">
      <Filter>Sources\FusionUtility</Filter>
    </ClCompile>
    <ClCompile Include="FusionUtility\StopWatch.cpp">
      <Filter>Sources\FusionUtility</Filter>
    </ClCompile>
    <ClCompile Include="FusionUtility\VectorMath.cpp">
      <Filter>Sources\FusionUtility</Filter>
    </ClCompile>
    <ClCompile Include="FusionPhysics\Octtree.cpp">
      <Filter>Sources\FusionPhysics</Filter>
    </ClCompile>
    <ClCompile Include="FusionPhysics\Physics.cpp">
      <Filter>Sources\FusionPhysics</Filter>
    </ClCompile>
    <ClCompile Include="Main.cpp">
      <Filter>Sources</Filter>
    </ClCompile>
    <ClCompile Include="FusionOpengl\Cubemap.cpp">
      <Filter>Sources\FusionOpengl</Filter>
    </ClCompile>
  </ItemGroup>
  <ItemGroup>
    <ClInclude Include="FusionOpengl\Bone.hpp">
      <Filter>Headers\FusionOpengl</Filter>
    </ClInclude>
    <ClInclude Include="FusionOpengl\Buffer.h">
      <Filter>Headers\FusionOpengl</Filter>
    </ClInclude>
    <ClInclude Include="FusionOpengl\Camera.h">
      <Filter>Headers\FusionOpengl</Filter>
    </ClInclude>
    <ClInclude Include="FusionOpengl\Color.hpp">
      <Filter>Headers\FusionOpengl</Filter>
    </ClInclude>
    <ClInclude Include="FusionOpengl\Framebuffer.hpp">
      <Filter>Headers\FusionOpengl</Filter>
    </ClInclude>
    <ClInclude Include="FusionOpengl\Light.hpp">
      <Filter>Headers\FusionOpengl</Filter>
    </ClInclude>
    <ClInclude Include="FusionOpengl\Material.hpp">
      <Filter>Headers\FusionOpengl</Filter>
    </ClInclude>
    <ClInclude Include="FusionOpengl\Mesh.h">
      <Filter>Headers\FusionOpengl</Filter>
    </ClInclude>
    <ClInclude Include="FusionOpengl\Model.hpp">
      <Filter>Headers\FusionOpengl</Filter>
    </ClInclude>
    <ClInclude Include="FusionOpengl\Object.hpp">
      <Filter>Headers\FusionOpengl</Filter>
    </ClInclude>
    <ClInclude Include="FusionOpengl\Shader.h">
      <Filter>Headers\FusionOpengl</Filter>
    </ClInclude>
    <ClInclude Include="FusionOpengl\ShadowMaps.hpp">
      <Filter>Headers\FusionOpengl</Filter>
    </ClInclude>
    <ClInclude Include="FusionOpengl\SSLS.hpp">
      <Filter>Headers\FusionOpengl</Filter>
    </ClInclude>
    <ClInclude Include="FusionOpengl\stb_image.h">
      <Filter>Headers\FusionOpengl</Filter>
    </ClInclude>
    <ClInclude Include="FusionOpengl\Texture.h">
      <Filter>Headers\FusionOpengl</Filter>
    </ClInclude>
    <ClInclude Include="FusionUtility\Initialize.h">
      <Filter>Headers\FusionUtility</Filter>
    </ClInclude>
    <ClInclude Include="FusionUtility\Log.h">
      <Filter>Headers\FusionUtility</Filter>
    </ClInclude>
    <ClInclude Include="FusionUtility\StopWatch.h">
      <Filter>Headers\FusionUtility</Filter>
    </ClInclude>
    <ClInclude Include="FusionUtility\Thread.h">
      <Filter>Headers\FusionUtility</Filter>
    </ClInclude>
    <ClInclude Include="FusionUtility\VectorMath.h">
      <Filter>Headers\FusionUtility</Filter>
    </ClInclude>
    <ClInclude Include="FusionPhysics\Octtree.hpp">
      <Filter>Headers\FusionPhysics</Filter>
    </ClInclude>
    <ClInclude Include="FusionPhysics\Physics.hpp">
      <Filter>Headers\FusionPhysics</Filter>
    </ClInclude>
    <ClInclude Include="Engine.hpp">
      <Filter>Headers</Filter>
    </ClInclude>
    <ClInclude Include="FusionOpengl\Cubemap.h">
      <Filter>Headers\FusionOpengl</Filter>
    </ClInclude>
  </ItemGroup>
</Project>